
Microsoft Visual Studio Solution File, Format Version 12.00
# Visual Studio Version 17
VisualStudioVersion = 17.7.34031.279
MinimumVisualStudioVersion = 10.0.40219.1
Project("{F184B08F-C81C-45F6-A57F-5ABD9991F28F}") = "4.WorkingWithControl", "4.WorkingWithControl.vbproj", "{EBF69B23-B7CD-4C57-B2B3-70A364460BBC}"
EndProject
Global
	GlobalSection(SolutionConfigurationPlatforms) = preSolution
		Debug|Any CPU = Debug|Any CPU
		Release|Any CPU = Release|Any CPU
	EndGlobalSection
	GlobalSection(ProjectConfigurationPlatforms) = postSolution
		{EBF69B23-B7CD-4C57-B2B3-70A364460BBC}.Debug|Any CPU.ActiveCfg = Debug|Any CPU
		{EBF69B23-B7CD-4C57-B2B3-70A364460BBC}.Debug|Any CPU.Build.0 = Debug|Any CPU
		{EBF69B23-B7CD-4C57-B2B3-70A364460BBC}.Release|Any CPU.ActiveCfg = Release|Any CPU
		{EBF69B23-B7CD-4C57-B2B3-70A364460BBC}.Release|Any CPU.Build.0 = Release|Any CPU
	EndGlobalSection
	GlobalSection(SolutionProperties) = preSolution
		HideSolutionNode = FALSE
	EndGlobalSection
	GlobalSection(ExtensibilityGlobals) = postSolution
		SolutionGuid = {76D7A374-758F-4D75-822E-895D27672EB6}
	EndGlobalSection
EndGlobal
